
Microsoft Visual Studio Solution File, Format Version 12.00
# Visual Studio Version 17
VisualStudioVersion = 17.1.32228.430
MinimumVisualStudioVersion = 10.0.40219.1
Project("{FAE04EC0-301F-11D3-BF4B-00C04F79EFBC}") = "1.DemoQaAdvanced", "1.DemoQaAdvanced\1.DemoQaAdvanced.csproj", "{AA0A409A-626F-474E-8D3B-2EE5A3425B54}"
EndProject
Project("{2150E333-8FDC-42A3-9474-1A3956D46DE8}") = "1.Elements", "1.Elements", "{29C8B127-97AC-42BD-B19C-9BA84FF0DBA4}"
EndProject
Project("{FAE04EC0-301F-11D3-BF4B-00C04F79EFBC}") = "1.TextBox", "TextBox\1.TextBox.csproj", "{189DBE68-6325-43D4-BA84-433A3696FF2C}"
EndProject
Project("{FAE04EC0-301F-11D3-BF4B-00C04F79EFBC}") = "2.CheckBox", "CheckBox\2.CheckBox.csproj", "{AC6BE98D-23C1-4C96-9380-4B9209A19D2B}"
EndProject
Project("{FAE04EC0-301F-11D3-BF4B-00C04F79EFBC}") = "3.RadioButton", "RadioButton\3.RadioButton.csproj", "{9AB3EB3B-D096-4823-9EE4-128850B2E400}"
EndProject
Project("{FAE04EC0-301F-11D3-BF4B-00C04F79EFBC}") = "4.WebTables", "WebTables\4.WebTables.csproj", "{11977E98-FB68-4290-BACC-96B8B6C95CB0}"
EndProject
Project("{FAE04EC0-301F-11D3-BF4B-00C04F79EFBC}") = "5.Buttons", "Buttons\5.Buttons.csproj", "{B7D89F96-A4BF-4B76-BB24-A24B590FDD35}"
EndProject
Project("{FAE04EC0-301F-11D3-BF4B-00C04F79EFBC}") = "6.Links", "6.Links\6.Links.csproj", "{933A703A-42CB-4186-9470-553EDADAE94A}"
EndProject
Project("{FAE04EC0-301F-11D3-BF4B-00C04F79EFBC}") = "7.BrokenLinks", "7.BrokenLinks\7.BrokenLinks.csproj", "{C2855EB8-6383-4B15-ACEE-20C664AF2806}"
EndProject
Project("{FAE04EC0-301F-11D3-BF4B-00C04F79EFBC}") = "8.UploadAndDownload", "8.UploadAndDownload\8.UploadAndDownload.csproj", "{D2293B62-F9C4-4994-82F3-671C6F7FDCD4}"
EndProject
Project("{FAE04EC0-301F-11D3-BF4B-00C04F79EFBC}") = "9.DynamicProperties", "9.DynamicProperties\9.DynamicProperties.csproj", "{5BC0F90B-F1F0-4C33-AB04-386A85D6D309}"
EndProject
Project("{2150E333-8FDC-42A3-9474-1A3956D46DE8}") = "2.Forms", "2.Forms", "{D9C132E8-711A-41B6-AD46-09B90045E0B0}"
EndProject
Project("{2150E333-8FDC-42A3-9474-1A3956D46DE8}") = "3.Alerts", "3.Alerts", "{945C44E3-A0E2-4088-B6ED-38EA55C2FDEF}"
EndProject
Project("{2150E333-8FDC-42A3-9474-1A3956D46DE8}") = "4.Widgets", "4.Widgets", "{79DA7671-4D43-4A00-B41A-64B75252B3E7}"
EndProject
Project("{2150E333-8FDC-42A3-9474-1A3956D46DE8}") = "5.Interactions", "5.Interactions", "{37E6F61D-C51D-44A8-9B87-0DE6AB9D3328}"
EndProject
Project("{2150E333-8FDC-42A3-9474-1A3956D46DE8}") = "6.BookStoreApplication", "6.BookStoreApplication", "{4D4046AE-D119-4070-A231-CC25B2BC8111}"
EndProject
Global
	GlobalSection(SolutionConfigurationPlatforms) = preSolution
		Debug|Any CPU = Debug|Any CPU
		Release|Any CPU = Release|Any CPU
	EndGlobalSection
	GlobalSection(ProjectConfigurationPlatforms) = postSolution
		{AA0A409A-626F-474E-8D3B-2EE5A3425B54}.Debug|Any CPU.ActiveCfg = Debug|Any CPU
		{AA0A409A-626F-474E-8D3B-2EE5A3425B54}.Debug|Any CPU.Build.0 = Debug|Any CPU
		{AA0A409A-626F-474E-8D3B-2EE5A3425B54}.Release|Any CPU.ActiveCfg = Release|Any CPU
		{AA0A409A-626F-474E-8D3B-2EE5A3425B54}.Release|Any CPU.Build.0 = Release|Any CPU
		{189DBE68-6325-43D4-BA84-433A3696FF2C}.Debug|Any CPU.ActiveCfg = Debug|Any CPU
		{189DBE68-6325-43D4-BA84-433A3696FF2C}.Debug|Any CPU.Build.0 = Debug|Any CPU
		{189DBE68-6325-43D4-BA84-433A3696FF2C}.Release|Any CPU.ActiveCfg = Release|Any CPU
		{189DBE68-6325-43D4-BA84-433A3696FF2C}.Release|Any CPU.Build.0 = Release|Any CPU
		{AC6BE98D-23C1-4C96-9380-4B9209A19D2B}.Debug|Any CPU.ActiveCfg = Debug|Any CPU
		{AC6BE98D-23C1-4C96-9380-4B9209A19D2B}.Debug|Any CPU.Build.0 = Debug|Any CPU
		{AC6BE98D-23C1-4C96-9380-4B9209A19D2B}.Release|Any CPU.ActiveCfg = Release|Any CPU
		{AC6BE98D-23C1-4C96-9380-4B9209A19D2B}.Release|Any CPU.Build.0 = Release|Any CPU
		{9AB3EB3B-D096-4823-9EE4-128850B2E400}.Debug|Any CPU.ActiveCfg = Debug|Any CPU
		{9AB3EB3B-D096-4823-9EE4-128850B2E400}.Debug|Any CPU.Build.0 = Debug|Any CPU
		{9AB3EB3B-D096-4823-9EE4-128850B2E400}.Release|Any CPU.ActiveCfg = Release|Any CPU
		{9AB3EB3B-D096-4823-9EE4-128850B2E400}.Release|Any CPU.Build.0 = Release|Any CPU
		{11977E98-FB68-4290-BACC-96B8B6C95CB0}.Debug|Any CPU.ActiveCfg = Debug|Any CPU
		{11977E98-FB68-4290-BACC-96B8B6C95CB0}.Debug|Any CPU.Build.0 = Debug|Any CPU
		{11977E98-FB68-4290-BACC-96B8B6C95CB0}.Release|Any CPU.ActiveCfg = Release|Any CPU
		{11977E98-FB68-4290-BACC-96B8B6C95CB0}.Release|Any CPU.Build.0 = Release|Any CPU
		{B7D89F96-A4BF-4B76-BB24-A24B590FDD35}.Debug|Any CPU.ActiveCfg = Debug|Any CPU
		{B7D89F96-A4BF-4B76-BB24-A24B590FDD35}.Debug|Any CPU.Build.0 = Debug|Any CPU
		{B7D89F96-A4BF-4B76-BB24-A24B590FDD35}.Release|Any CPU.ActiveCfg = Release|Any CPU
		{B7D89F96-A4BF-4B76-BB24-A24B590FDD35}.Release|Any CPU.Build.0 = Release|Any CPU
		{933A703A-42CB-4186-9470-553EDADAE94A}.Debug|Any CPU.ActiveCfg = Debug|Any CPU
		{933A703A-42CB-4186-9470-553EDADAE94A}.Debug|Any CPU.Build.0 = Debug|Any CPU
		{933A703A-42CB-4186-9470-553EDADAE94A}.Release|Any CPU.ActiveCfg = Release|Any CPU
		{933A703A-42CB-4186-9470-553EDADAE94A}.Release|Any CPU.Build.0 = Release|Any CPU
		{C2855EB8-6383-4B15-ACEE-20C664AF2806}.Debug|Any CPU.ActiveCfg = Debug|Any CPU
		{C2855EB8-6383-4B15-ACEE-20C664AF2806}.Debug|Any CPU.Build.0 = Debug|Any CPU
		{C2855EB8-6383-4B15-ACEE-20C664AF2806}.Release|Any CPU.ActiveCfg = Release|Any CPU
		{C2855EB8-6383-4B15-ACEE-20C664AF2806}.Release|Any CPU.Build.0 = Release|Any CPU
		{D2293B62-F9C4-4994-82F3-671C6F7FDCD4}.Debug|Any CPU.ActiveCfg = Debug|Any CPU
		{D2293B62-F9C4-4994-82F3-671C6F7FDCD4}.Debug|Any CPU.Build.0 = Debug|Any CPU
		{D2293B62-F9C4-4994-82F3-671C6F7FDCD4}.Release|Any CPU.ActiveCfg = Release|Any CPU
		{D2293B62-F9C4-4994-82F3-671C6F7FDCD4}.Release|Any CPU.Build.0 = Release|Any CPU
		{5BC0F90B-F1F0-4C33-AB04-386A85D6D309}.Debug|Any CPU.ActiveCfg = Debug|Any CPU
		{5BC0F90B-F1F0-4C33-AB04-386A85D6D309}.Debug|Any CPU.Build.0 = Debug|Any CPU
		{5BC0F90B-F1F0-4C33-AB04-386A85D6D309}.Release|Any CPU.ActiveCfg = Release|Any CPU
		{5BC0F90B-F1F0-4C33-AB04-386A85D6D309}.Release|Any CPU.Build.0 = Release|Any CPU
	EndGlobalSection
	GlobalSection(SolutionProperties) = preSolution
		HideSolutionNode = FALSE
	EndGlobalSection
	GlobalSection(NestedProjects) = preSolution
		{189DBE68-6325-43D4-BA84-433A3696FF2C} = {29C8B127-97AC-42BD-B19C-9BA84FF0DBA4}
		{AC6BE98D-23C1-4C96-9380-4B9209A19D2B} = {29C8B127-97AC-42BD-B19C-9BA84FF0DBA4}
		{9AB3EB3B-D096-4823-9EE4-128850B2E400} = {29C8B127-97AC-42BD-B19C-9BA84FF0DBA4}
		{11977E98-FB68-4290-BACC-96B8B6C95CB0} = {29C8B127-97AC-42BD-B19C-9BA84FF0DBA4}
		{B7D89F96-A4BF-4B76-BB24-A24B590FDD35} = {29C8B127-97AC-42BD-B19C-9BA84FF0DBA4}
		{933A703A-42CB-4186-9470-553EDADAE94A} = {29C8B127-97AC-42BD-B19C-9BA84FF0DBA4}
		{C2855EB8-6383-4B15-ACEE-20C664AF2806} = {29C8B127-97AC-42BD-B19C-9BA84FF0DBA4}
		{D2293B62-F9C4-4994-82F3-671C6F7FDCD4} = {29C8B127-97AC-42BD-B19C-9BA84FF0DBA4}
		{5BC0F90B-F1F0-4C33-AB04-386A85D6D309} = {29C8B127-97AC-42BD-B19C-9BA84FF0DBA4}
	EndGlobalSection
	GlobalSection(ExtensibilityGlobals) = postSolution
		SolutionGuid = {6F06A91B-3DB6-4E06-B0BE-EE9C9D6D351B}
	EndGlobalSection
EndGlobal
